
Microsoft Visual Studio Solution File, Format Version 12.00
# Visual Studio Version 17
VisualStudioVersion = 17.1.32414.318
MinimumVisualStudioVersion = 10.0.40219.1
Project("{FAE04EC0-301F-11D3-BF4B-00C04F79EFBC}") = "SistemaFacturacionWeb", "SistemaFacturacionWeb.csproj", "{E7DDD545-9B18-4111-8443-A7C67EB4A613}"
EndProject
Global
	GlobalSection(SolutionConfigurationPlatforms) = preSolution
		Debug|Any CPU = Debug|Any CPU
		Release|Any CPU = Release|Any CPU
	EndGlobalSection
	GlobalSection(ProjectConfigurationPlatforms) = postSolution
		{E7DDD545-9B18-4111-8443-A7C67EB4A613}.Debug|Any CPU.ActiveCfg = Debug|Any CPU
		{E7DDD545-9B18-4111-8443-A7C67EB4A613}.Debug|Any CPU.Build.0 = Debug|Any CPU
		{E7DDD545-9B18-4111-8443-A7C67EB4A613}.Release|Any CPU.ActiveCfg = Release|Any CPU
		{E7DDD545-9B18-4111-8443-A7C67EB4A613}.Release|Any CPU.Build.0 = Release|Any CPU
	EndGlobalSection
	GlobalSection(SolutionProperties) = preSolution
		HideSolutionNode = FALSE
	EndGlobalSection
	GlobalSection(ExtensibilityGlobals) = postSolution
		SolutionGuid = {EAF3CA49-4877-4D09-92F1-21999BC93E8B}
	EndGlobalSection
EndGlobal
